// !$*UTF8*$!
{
	archiveVersion = 1;
	classes = {
	};
	objectVersion = 50;
	objects = {

/* Begin PBXBuildFile section */
		4A09E99C264D2E2100CBB121 /* IRRadioButton_iOS_swift.framework in Frameworks */ = {isa = PBXBuildFile; fileRef = 4A54D477264BB97500DCB6E4 /* IRRadioButton_iOS_swift.framework */; };
		4A09E99D264D2E2200CBB121 /* IRRadioButton_iOS_swift.framework in Embed Frameworks */ = {isa = PBXBuildFile; fileRef = 4A54D477264BB97500DCB6E4 /* IRRadioButton_iOS_swift.framework */; settings = {ATTRIBUTES = (CodeSignOnCopy, RemoveHeadersOnCopy, ); }; };
		4A54D45E264BB96600DCB6E4 /* AppDelegate.swift in Sources */ = {isa = PBXBuildFile; fileRef = 4A54D45D264BB96600DCB6E4 /* AppDelegate.swift */; };
		4A54D460264BB96600DCB6E4 /* SceneDelegate.swift in Sources */ = {isa = PBXBuildFile; fileRef = 4A54D45F264BB96600DCB6E4 /* SceneDelegate.swift */; };
		4A54D462264BB96600DCB6E4 /* ViewController.swift in Sources */ = {isa = PBXBuildFile; fileRef = 4A54D461264BB96600DCB6E4 /* ViewController.swift */; };
		4A54D465264BB96600DCB6E4 /* Main.storyboard in Resources */ = {isa = PBXBuildFile; fileRef = 4A54D463264BB96600DCB6E4 /* Main.storyboard */; };
		4A54D467264BB96800DCB6E4 /* Assets.xcassets in Resources */ = {isa = PBXBuildFile; fileRef = 4A54D466264BB96800DCB6E4 /* Assets.xcassets */; };
		4A54D46A264BB96800DCB6E4 /* LaunchScreen.storyboard in Resources */ = {isa = PBXBuildFile; fileRef = 4A54D468264BB96800DCB6E4 /* LaunchScreen.storyboard */; };
/* End PBXBuildFile section */

/* Begin PBXContainerItemProxy section */
		4A54D476264BB97500DCB6E4 /* PBXContainerItemProxy */ = {
			isa = PBXContainerItemProxy;
			containerPortal = 4A54D472264BB97500DCB6E4 /* IRRadioButton-iOS-swift.xcodeproj */;
			proxyType = 2;
			remoteGlobalIDString = 4A54D445264BB94D00DCB6E4;
			remoteInfo = "IRRadioButton-iOS-swift";
		};
/* End PBXContainerItemProxy section */

/* Begin PBXCopyFilesBuildPhase section */
		4A09E99E264D2E2200CBB121 /* Embed Frameworks */ = {
			isa = PBXCopyFilesBuildPhase;
			buildActionMask = 2147483647;
			dstPath = "";
			dstSubfolderSpec = 10;
			files = (
				4A09E99D264D2E2200CBB121 /* IRRadioButton_iOS_swift.framework in Embed Frameworks */,
			);
			name = "Embed Frameworks";
			runOnlyForDeploymentPostprocessing = 0;
		};
/* End PBXCopyFilesBuildPhase section */

/* Begin PBXFileReference section */
		4A54D45A264BB96600DCB6E4 /* demo.app */ = {isa = PBXFileReference; explicitFileType = wrapper.application; includeInIndex = 0; path = demo.app; sourceTree = BUILT_PRODUCTS_DIR; };
		4A54D45D264BB96600DCB6E4 /* AppDelegate.swift */ = {isa = PBXFileReference; lastKnownFileType = sourcecode.swift; path = AppDelegate.swift; sourceTree = "<group>"; };
		4A54D45F264BB96600DCB6E4 /* SceneDelegate.swift */ = {isa = PBXFileReference; lastKnownFileType = sourcecode.swift; path = SceneDelegate.swift; sourceTree = "<group>"; };
		4A54D461264BB96600DCB6E4 /* ViewController.swift */ = {isa = PBXFileReference; lastKnownFileType = sourcecode.swift; path = ViewController.swift; sourceTree = "<group>"; };
		4A54D464264BB96600DCB6E4 /* Base */ = {isa = PBXFileReference; lastKnownFileType = file.storyboard; name = Base; path = Base.lproj/Main.storyboard; sourceTree = "<group>"; };
		4A54D466264BB96800DCB6E4 /* Assets.xcassets */ = {isa = PBXFileReference; lastKnownFileType = folder.assetcatalog; path = Assets.xcassets; sourceTree = "<group>"; };
		4A54D469264BB96800DCB6E4 /* Base */ = {isa = PBXFileReference; lastKnownFileType = file.storyboard; name = Base; path = Base.lproj/LaunchScreen.storyboard; sourceTree = "<group>"; };
		4A54D46B264BB96800DCB6E4 /* Info.plist */ = {isa = PBXFileReference; lastKnownFileType = text.plist.xml; path = Info.plist; sourceTree = "<group>"; };
		4A54D472264BB97500DCB6E4 /* IRRadioButton-iOS-swift.xcodeproj */ = {isa = PBXFileReference; lastKnownFileType = "wrapper.pb-project"; name = "IRRadioButton-iOS-swift.xcodeproj"; path = "../IRRadioButton-iOS-swift.xcodeproj"; sourceTree = "<group>"; };
/* End PBXFileReference section */

/* Begin PBXFrameworksBuildPhase section */
		4A54D457264BB96600DCB6E4 /* Frameworks */ = {
			isa = PBXFrameworksBuildPhase;
			buildActionMask = 2147483647;
			files = (
				4A09E99C264D2E2100CBB121 /* IRRadioButton_iOS_swift.framework in Frameworks */,
			);
			runOnlyForDeploymentPostprocessing = 0;
		};
/* End PBXFrameworksBuildPhase section */

/* Begin PBXGroup section */
		4A09E99A264D2E2100CBB121 /* Frameworks */ = {
			isa = PBXGroup;
			children = (
			);
			name = Frameworks;
			sourceTree = "<group>";
		};
		4A54D451264BB96600DCB6E4 = {
			isa = PBXGroup;
			children = (
				4A54D472264BB97500DCB6E4 /* IRRadioButton-iOS-swift.xcodeproj */,
				4A54D45C264BB96600DCB6E4 /* demo */,
				4A54D45B264BB96600DCB6E4 /* Products */,
				4A09E99A264D2E2100CBB121 /* Frameworks */,
			);
			sourceTree = "<group>";
		};
		4A54D45B264BB96600DCB6E4 /* Products */ = {
			isa = PBXGroup;
			children = (
				4A54D45A264BB96600DCB6E4 /* demo.app */,
			);
			name = Products;
			sourceTree = "<group>";
		};
		4A54D45C264BB96600DCB6E4 /* demo */ = {
			isa = PBXGroup;
			children = (
				4A54D45D264BB96600DCB6E4 /* AppDelegate.swift */,
				4A54D45F264BB96600DCB6E4 /* SceneDelegate.swift */,
				4A54D461264BB96600DCB6E4 /* ViewController.swift */,
				4A54D463264BB96600DCB6E4 /* Main.storyboard */,
				4A54D466264BB96800DCB6E4 /* Assets.xcassets */,
				4A54D468264BB96800DCB6E4 /* LaunchScreen.storyboard */,
				4A54D46B264BB96800DCB6E4 /* Info.plist */,
			);
			path = demo;
			sourceTree = "<group>";
		};
		4A54D473264BB97500DCB6E4 /* Products */ = {
			isa = PBXGroup;
			children = (
				4A54D477264BB97500DCB6E4 /* IRRadioButton_iOS_swift.framework */,
			);
			name = Products;
			sourceTree = "<group>";
		};
/* End PBXGroup section */

/* Begin PBXNativeTarget section */
		4A54D459264BB96600DCB6E4 /* demo */ = {
			isa = PBXNativeTarget;
			buildConfigurationList = 4A54D46E264BB96800DCB6E4 /* Build configuration list for PBXNativeTarget "demo" */;
			buildPhases = (
				4A54D456264BB96600DCB6E4 /* Sources */,
				4A54D457264BB96600DCB6E4 /* Frameworks */,
				4A54D458264BB96600DCB6E4 /* Resources */,
				4A09E99E264D2E2200CBB121 /* Embed Frameworks */,
			);
			buildRules = (
			);
			dependencies = (
			);
			name = demo;
			productName = demo;
			productReference = 4A54D45A264BB96600DCB6E4 /* demo.app */;
			productType = "com.apple.product-type.application";
		};
/* End PBXNativeTarget section */

/* Begin PBXProject section */
		4A54D452264BB96600DCB6E4 /* Project object */ = {
			isa = PBXProject;
			attributes = {
				LastSwiftUpdateCheck = 1240;
				LastUpgradeCheck = 1240;
				TargetAttributes = {
					4A54D459264BB96600DCB6E4 = {
						CreatedOnToolsVersion = 12.4;
					};
				};
			};
			buildConfigurationList = 4A54D455264BB96600DCB6E4 /* Build configuration list for PBXProject "demo" */;
			compatibilityVersion = "Xcode 9.3";
			developmentRegion = en;
			hasScannedForEncodings = 0;
			knownRegions = (
				en,
				Base,
			);
			mainGroup = 4A54D451264BB96600DCB6E4;
			productRefGroup = 4A54D45B264BB96600DCB6E4 /* Products */;
			projectDirPath = "";
			projectReferences = (
				{
					ProductGroup = 4A54D473264BB97500DCB6E4 /* Products */;
					ProjectRef = 4A54D472264BB97500DCB6E4 /* IRRadioButton-iOS-swift.xcodeproj */;
				},
			);
			projectRoot = "";
			targets = (
				4A54D459264BB96600DCB6E4 /* demo */,
			);
		};
/* End PBXProject section */

/* Begin PBXReferenceProxy section */
		4A54D477264BB97500DCB6E4 /* IRRadioButton_iOS_swift.framework */ = {
			isa = PBXReferenceProxy;
			fileType = wrapper.framework;
			path = IRRadioButton_iOS_swift.framework;
			remoteRef = 4A54D476264BB97500DCB6E4 /* PBXContainerItemProxy */;
			sourceTree = BUILT_PRODUCTS_DIR;
		};
/* End PBXReferenceProxy section */

/* Begin PBXResourcesBuildPhase section */
		4A54D458264BB96600DCB6E4 /* Resources */ = {
			isa = PBXResourcesBuildPhase;
			buildActionMask = 2147483647;
			files = (
				4A54D46A264BB96800DCB6E4 /* LaunchScreen.storyboard in Resources */,
				4A54D467264BB96800DCB6E4 /* Assets.xcassets in Resources */,
				4A54D465264BB96600DCB6E4 /* Main.storyboard in Resources */,
			);
			runOnlyForDeploymentPostprocessing = 0;
		};
/* End PBXResourcesBuildPhase section */

/* Begin PBXSourcesBuildPhase section */
		4A54D456264BB96600DCB6E4 /* Sources */ = {
			isa = PBXSourcesBuildPhase;
			buildActionMask = 2147483647;
			files = (
				4A54D462264BB96600DCB6E4 /* ViewController.swift in Sources */,
				4A54D45E264BB96600DCB6E4 /* AppDelegate.swift in Sources */,
				4A54D460264BB96600DCB6E4 /* SceneDelegate.swift in Sources */,
			);
			runOnlyForDeploymentPostprocessing = 0;
		};
/* End PBXSourcesBuildPhase section */

/* Begin PBXVariantGroup section */
		4A54D463264BB96600DCB6E4 /* Main.storyboard */ = {
			isa = PBXVariantGroup;
			children = (
				4A54D464264BB96600DCB6E4 /* Base */,
			);
			name = Main.storyboard;
			sourceTree = "<group>";
		};
		4A54D468264BB96800DCB6E4 /* LaunchScreen.storyboard */ = {
			isa = PBXVariantGroup;
			children = (
				4A54D469264BB96800DCB6E4 /* Base */,
			);
			name = LaunchScreen.storyboard;
			sourceTree = "<group>";
		};
/* End PBXVariantGroup section */

/* Begin XCBuildConfiguration section */
		4A54D46C264BB96800DCB6E4 /* Debug */ = {
			isa = XCBuildConfiguration;
			buildSettings = {
				ALWAYS_SEARCH_USER_PATHS = NO;
				CLANG_ANALYZER_NONNULL = YES;
				CLANG_ANALYZER_NUMBER_OBJECT_CONVERSION = YES_AGGRESSIVE;
				CLANG_CXX_LANGUAGE_STANDARD = "gnu++14";
				CLANG_CXX_LIBRARY = "libc++";
				CLANG_ENABLE_MODULES = YES;
				CLANG_ENABLE_OBJC_ARC = YES;
				CLANG_ENABLE_OBJC_WEAK = YES;
				CLANG_WARN_BLOCK_CAPTURE_AUTORELEASING = YES;
				CLANG_WARN_BOOL_CONVERSION = YES;
				CLANG_WARN_COMMA = YES;
				CLANG_WARN_CONSTANT_CONVERSION = YES;
				CLANG_WARN_DEPRECATED_OBJC_IMPLEMENTATIONS = YES;
				CLANG_WARN_DIRECT_OBJC_ISA_USAGE = YES_ERROR;
				CLANG_WARN_DOCUMENTATION_COMMENTS = YES;
				CLANG_WARN_EMPTY_BODY = YES;
				CLANG_WARN_ENUM_CONVERSION = YES;
				CLANG_WARN_INFINITE_RECURSION = YES;
				CLANG_WARN_INT_CONVERSION = YES;
				CLANG_WARN_NON_LITERAL_NULL_CONVERSION = YES;
				CLANG_WARN_OBJC_IMPLICIT_RETAIN_SELF = YES;
				CLANG_WARN_OBJC_LITERAL_CONVERSION = YES;
				CLANG_WARN_OBJC_ROOT_CLASS = YES_ERROR;
				CLANG_WARN_QUOTED_INCLUDE_IN_FRAMEWORK_HEADER = YES;
				CLANG_WARN_RANGE_LOOP_ANALYSIS = YES;
				CLANG_WARN_STRICT_PROTOTYPES = YES;
				CLANG_WARN_SUSPICIOUS_MOVE = YES;
				CLANG_WARN_UNGUARDED_AVAILABILITY = YES_AGGRESSIVE;
				CLANG_WARN_UNREACHABLE_CODE = YES;
				CLANG_WARN__DUPLICATE_METHOD_MATCH = YES;
				COPY_PHASE_STRIP = NO;
				DEBUG_INFORMATION_FORMAT = dwarf;
				ENABLE_STRICT_OBJC_MSGSEND = YES;
				ENABLE_TESTABILITY = YES;
				GCC_C_LANGUAGE_STANDARD = gnu11;
				GCC_DYNAMIC_NO_PIC = NO;
				GCC_NO_COMMON_BLOCKS = YES;
				GCC_OPTIMIZATION_LEVEL = 0;
				GCC_PREPROCESSOR_DEFINITIONS = (
					"DEBUG=1",
					"$(inherited)",
				);
				GCC_WARN_64_TO_32_BIT_CONVERSION = YES;
				GCC_WARN_ABOUT_RETURN_TYPE = YES_ERROR;
				GCC_WARN_UNDECLARED_SELECTOR = YES;
				GCC_WARN_UNINITIALIZED_AUTOS = YES_AGGRESSIVE;
				GCC_WARN_UNUSED_FUNCTION = YES;
				GCC_WARN_UNUSED_VARIABLE = YES;
				IPHONEOS_DEPLOYMENT_TARGET = 14.4;
				MTL_ENABLE_DEBUG_INFO = INCLUDE_SOURCE;
				MTL_FAST_MATH = YES;
				ONLY_ACTIVE_ARCH = YES;
				SDKROOT = iphoneos;
				SWIFT_ACTIVE_COMPILATION_CONDITIONS = DEBUG;
				SWIFT_OPTIMIZATION_LEVEL = "-Onone";
			};
			name = Debug;
		};
		4A54D46D264BB96800DCB6E4 /* Release */ = {
			isa = XCBuildConfiguration;
			buildSettings = {
				ALWAYS_SEARCH_USER_PATHS = NO;
				CLANG_ANALYZER_NONNULL = YES;
				CLANG_ANALYZER_NUMBER_OBJECT_CONVERSION = YES_AGGRESSIVE;
				CLANG_CXX_LANGUAGE_STANDARD = "gnu++14";
				CLANG_CXX_LIBRARY = "libc++";
				CLANG_ENABLE_MODULES = YES;
				CLANG_ENABLE_OBJC_ARC = YES;
				CLANG_ENABLE_OBJC_WEAK = YES;
				CLANG_WARN_BLOCK_CAPTURE_AUTORELEASING = YES;
				CLANG_WARN_BOOL_CONVERSION = YES;
				CLANG_WARN_COMMA = YES;
				CLANG_WARN_CONSTANT_CONVERSION = YES;
				CLANG_WARN_DEPRECATED_OBJC_IMPLEMENTATIONS = YES;
				CLANG_WARN_DIRECT_OBJC_ISA_USAGE = YES_ERROR;
				CLANG_WARN_DOCUMENTATION_COMMENTS = YES;
				CLANG_WARN_EMPTY_BODY = YES;
				CLANG_WARN_ENUM_CONVERSION = YES;
				CLANG_WARN_INFINITE_RECURSION = YES;
				CLANG_WARN_INT_CONVERSION = YES;
				CLANG_WARN_NON_LITERAL_NULL_CONVERSION = YES;
				CLANG_WARN_OBJC_IMPLICIT_RETAIN_SELF = YES;
				CLANG_WARN_OBJC_LITERAL_CONVERSION = YES;
				CLANG_WARN_OBJC_ROOT_CLASS = YES_ERROR;
				CLANG_WARN_QUOTED_INCLUDE_IN_FRAMEWORK_HEADER = YES;
				CLANG_WARN_RANGE_LOOP_ANALYSIS = YES;
				CLANG_WARN_STRICT_PROTOTYPES = YES;
				CLANG_WARN_SUSPICIOUS_MOVE = YES;
				CLANG_WARN_UNGUARDED_AVAILABILITY = YES_AGGRESSIVE;
				CLANG_WARN_UNREACHABLE_CODE = YES;
				CLANG_WARN__DUPLICATE_METHOD_MATCH = YES;
				COPY_PHASE_STRIP = NO;
				DEBUG_INFORMATION_FORMAT = "dwarf-with-dsym";
				ENABLE_NS_ASSERTIONS = NO;
				ENABLE_STRICT_OBJC_MSGSEND = YES;
				GCC_C_LANGUAGE_STANDARD = gnu11;
				GCC_NO_COMMON_BLOCKS = YES;
				GCC_WARN_64_TO_32_BIT_CONVERSION = YES;
				GCC_WARN_ABOUT_RETURN_TYPE = YES_ERROR;
				GCC_WARN_UNDECLARED_SELECTOR = YES;
				GCC_WARN_UNINITIALIZED_AUTOS = YES_AGGRESSIVE;
				GCC_WARN_UNUSED_FUNCTION = YES;
				GCC_WARN_UNUSED_VARIABLE = YES;
				IPHONEOS_DEPLOYMENT_TARGET = 14.4;
				MTL_ENABLE_DEBUG_INFO = NO;
				MTL_FAST_MATH = YES;
				SDKROOT = iphoneos;
				SWIFT_COMPILATION_MODE = wholemodule;
				SWIFT_OPTIMIZATION_LEVEL = "-O";
				VALIDATE_PRODUCT = YES;
			};
			name = Release;
		};
		4A54D46F264BB96800DCB6E4 /* Debug */ = {
			isa = XCBuildConfiguration;
			buildSettings = {
				ASSETCATALOG_COMPILER_APPICON_NAME = AppIcon;
				ASSETCATALOG_COMPILER_GLOBAL_ACCENT_COLOR_NAME = AccentColor;
				CODE_SIGN_STYLE = Automatic;
				DEVELOPMENT_TEAM = T6VV6T753H;
				INFOPLIST_FILE = demo/Info.plist;
				LD_RUNPATH_SEARCH_PATHS = (
					"$(inherited)",
					"@executable_path/Frameworks",
				);
				PRODUCT_BUNDLE_IDENTIFIER = irons163.demo;
				PRODUCT_NAME = "$(TARGET_NAME)";
				SWIFT_VERSION = 5.0;
				TARGETED_DEVICE_FAMILY = "1,2";
			};
			name = Debug;
		};
		4A54D470264BB96800DCB6E4 /* Release */ = {
			isa = XCBuildConfiguration;
			buildSettings = {
				ASSETCATALOG_COMPILER_APPICON_NAME = AppIcon;
				ASSETCATALOG_COMPILER_GLOBAL_ACCENT_COLOR_NAME = AccentColor;
				CODE_SIGN_STYLE = Automatic;
				DEVELOPMENT_TEAM = T6VV6T753H;
				INFOPLIST_FILE = demo/Info.plist;
				LD_RUNPATH_SEARCH_PATHS = (
					"$(inherited)",
					"@executable_path/Frameworks",
				);
				PRODUCT_BUNDLE_IDENTIFIER = irons163.demo;
				PRODUCT_NAME = "$(TARGET_NAME)";
				SWIFT_VERSION = 5.0;
				TARGETED_DEVICE_FAMILY = "1,2";
			};
			name = Release;
		};
/* End XCBuildConfiguration section */

/* Begin XCConfigurationList section */
		4A54D455264BB96600DCB6E4 /* Build configuration list for PBXProject "demo" */ = {
			isa = XCConfigurationList;
			buildConfigurations = (
				4A54D46C264BB96800DCB6E4 /* Debug */,
				4A54D46D264BB96800DCB6E4 /* Release */,
			);
			defaultConfigurationIsVisible = 0;
			defaultConfigurationName = Release;
		};
		4A54D46E264BB96800DCB6E4 /* Build configuration list for PBXNativeTarget "demo" */ = {
			isa = XCConfigurationList;
			buildConfigurations = (
				4A54D46F264BB96800DCB6E4 /* Debug */,
				4A54D470264BB96800DCB6E4 /* Release */,
			);
			defaultConfigurationIsVisible = 0;
			defaultConfigurationName = Release;
		};
/* End XCConfigurationList section */
	};
	rootObject = 4A54D452264BB96600DCB6E4 /* Project object */;
}
